
Microsoft Visual Studio Solution File, Format Version 12.00
# Visual Studio Version 17
VisualStudioVersion = 17.5.002.0
MinimumVisualStudioVersion = 10.0.40219.1
Project("{2150E333-8FDC-42A3-9474-1A3956D46DE8}") = "src", "src", "{894A7068-0ACE-463C-91DD-F4FC5879BBD5}"
EndProject
Project("{9A19103F-16F7-4668-BE54-9A1E7A4F7556}") = "LASERWebsite", "src\LASERWebsite\LASERWebsite.csproj", "{ABC92858-94E3-4535-93AE-4E0E36F228E5}"
EndProject
Global
	GlobalSection(SolutionConfigurationPlatforms) = preSolution
		Debug|Any CPU = Debug|Any CPU
		Release|Any CPU = Release|Any CPU
	EndGlobalSection
	GlobalSection(ProjectConfigurationPlatforms) = postSolution
		{ABC92858-94E3-4535-93AE-4E0E36F228E5}.Debug|Any CPU.ActiveCfg = Debug|Any CPU
		{ABC92858-94E3-4535-93AE-4E0E36F228E5}.Debug|Any CPU.Build.0 = Debug|Any CPU
		{ABC92858-94E3-4535-93AE-4E0E36F228E5}.Release|Any CPU.ActiveCfg = Release|Any CPU
		{ABC92858-94E3-4535-93AE-4E0E36F228E5}.Release|Any CPU.Build.0 = Release|Any CPU
	EndGlobalSection
	GlobalSection(SolutionProperties) = preSolution
		HideSolutionNode = FALSE
	EndGlobalSection
	GlobalSection(NestedProjects) = preSolution
		{ABC92858-94E3-4535-93AE-4E0E36F228E5} = {894A7068-0ACE-463C-91DD-F4FC5879BBD5}
	EndGlobalSection
	GlobalSection(ExtensibilityGlobals) = postSolution
		SolutionGuid = {9D382503-B17A-4995-876B-CFA312AB43C1}
	EndGlobalSection
EndGlobal
